
Microsoft Visual Studio Solution File, Format Version 12.00
# Visual Studio Version 17
VisualStudioVersion = 17.11.35327.3
MinimumVisualStudioVersion = 10.0.40219.1
Project("{FAE04EC0-301F-11D3-BF4B-00C04F79EFBC}") = "Intervals", "Intervals\Intervals.csproj", "{3D28129A-ABA5-48A8-96C6-E336D41D1F4D}"
EndProject
Global
	GlobalSection(SolutionConfigurationPlatforms) = preSolution
		Debug|Any CPU = Debug|Any CPU
		Release|Any CPU = Release|Any CPU
	EndGlobalSection
	GlobalSection(ProjectConfigurationPlatforms) = postSolution
		{3D28129A-ABA5-48A8-96C6-E336D41D1F4D}.Debug|Any CPU.ActiveCfg = Debug|Any CPU
		{3D28129A-ABA5-48A8-96C6-E336D41D1F4D}.Debug|Any CPU.Build.0 = Debug|Any CPU
		{3D28129A-ABA5-48A8-96C6-E336D41D1F4D}.Release|Any CPU.ActiveCfg = Release|Any CPU
		{3D28129A-ABA5-48A8-96C6-E336D41D1F4D}.Release|Any CPU.Build.0 = Release|Any CPU
	EndGlobalSection
	GlobalSection(SolutionProperties) = preSolution
		HideSolutionNode = FALSE
	EndGlobalSection
	GlobalSection(ExtensibilityGlobals) = postSolution
		SolutionGuid = {46EDA9F1-D12C-4552-B382-08ED2CB0B18A}
	EndGlobalSection
EndGlobal
